version = 1
revision = 3
requires-python = ">=3.12"

[[package]]
name = "datafusion"
version = "50.1.0"
source = { registry = "https://pypi.org/simple" }
dependencies = [
    { name = "pyarrow" },
    { name = "typing-extensions", marker = "python_full_version < '3.13'" },
]
sdist = { url = "https://files.pythonhosted.org/packages/fa/cc/e8e8f7c472e93e7a560203ac40ac319b926029007c0dad873dbba97f9f2d/datafusion-50.1.0.tar.gz", hash = "sha256:d8b8f027c7ce2498cda1589d3ce6d8720798963e031660fbe4d2e26e172442ec", size = 188103, upload-time = "2025-10-20T12:39:23.802Z" }
wheels = [
    { url = "https://files.pythonhosted.org/packages/1f/6e/f9e2d5d935024a79fd549b5ce1d05549d26a027aab800727d492ac036504/datafusion-50.1.0-cp39-abi3-macosx_10_12_x86_64.whl", hash = "sha256:aeaa3c7bcf630bbea962b8fe75d300d98eaf7e2a5edf98e6a0130a1bec3543ea", size = 29280689, upload-time = "2025-10-20T12:39:06.913Z" },
    { url = "https://files.pythonhosted.org/packages/db/58/2dc473240f552d3620186b527c04397f82b36f02243afaf49f0813c84a17/datafusion-50.1.0-cp39-abi3-macosx_11_0_arm64.whl", hash = "sha256:85727df82c818103092c3ee18d198365833d3e44c2921d2b378d4d682798e511", size = 26140751, upload-time = "2025-10-20T12:39:09.95Z" },
    { url = "https://files.pythonhosted.org/packages/00/ba/8d8aa1df96e0666752e5c9d406d440495df2014d315b2a95bbef9856b23e/datafusion-50.1.0-cp39-abi3-manylinux_2_17_x86_64.manylinux2014_x86_64.whl", hash = "sha256:49f5bd0edb2bf2d00625beeb46a115e1421db2e1b14b535f7c17cc0927f36b8a", size = 32165290, upload-time = "2025-10-20T12:39:13.713Z" },
    { url = "https://files.pythonhosted.org/packages/11/9a/afce9586145b3ed153d75364b21102a6a95260940352e06b7c6709e9d2db/datafusion-50.1.0-cp39-abi3-manylinux_2_28_aarch64.whl", hash = "sha256:5c9c2f70922ddedf54d8abd4ba9585a5026c3409438f5aafc1ad0428a67a4d1f", size = 29982398, upload-time = "2025-10-20T12:39:16.823Z" },
    { url = "https://files.pythonhosted.org/packages/51/a3/41ef1c565770ef0c4060ee3fd50367dd06816f70a5be1ef41fbd7c3975e8/datafusion-50.1.0-cp39-abi3-win_amd64.whl", hash = "sha256:145c8f2e969c9cc51dc6af8a185ec39739ebeb5d680f9fe0020e005564ed40a8", size = 31258359, upload-time = "2025-10-20T12:39:21.731Z" },
]

[[package]]
name = "pyarrow"
version = "24.0.0"
source = { registry = "https://pypi.org/simple" }
sdist = { url = "https://files.pythonhosted.org/packages/91/13/13e1069b351bdc3881266e11147ffccf687505dbb0ea74036237f5d454a5/pyarrow-24.0.0.tar.gz", hash = "sha256:85fe721a14dd823aca09127acbb06c3ca723efbd436c004f16bca601b04dcc83", size = 1180261, upload-time = "2026-04-21T10:51:25.837Z" }
wheels = [
    { url = "https://files.pythonhosted.org/packages/b4/a9/9686d9f07837f91f775e8932659192e02c74f9d8920524b480b85212cc68/pyarrow-24.0.0-cp312-cp312-macosx_12_0_arm64.whl", hash = "sha256:6233c9ed9ab9d1db47de57d9753256d9dcffbf42db341576099f0fd9f6bf4810", size = 34981559, upload-time = "2026-04-21T10:47:22.17Z" },
    { url = "https://files.pythonhosted.org/packages/80/b6/0ddf0e9b6ead3474ab087ae598c76b031fc45532bf6a63f3a553440fb258/pyarrow-24.0.0-cp312-cp312-macosx_12_0_x86_64.whl", hash = "sha256:f7616236ec1bc2b15bfdec22a71ab38851c86f8f05ff64f379e1278cf20c634a", size = 36663654, upload-time = "2026-04-21T10:47:28.315Z" },
    { url = "https://files.pythonhosted.org/packages/7c/3b/926382efe8ce27ba729071d3566ade6dfb86bdf112f366000196b2f5780a/pyarrow-24.0.0-cp312-cp312-manylinux_2_28_aarch64.whl", hash = "sha256:1617043b99bd33e5318ae18eb2919af09c71322ef1ca46566cdafc6e6712fb66", size = 45679394, upload-time = "2026-04-21T10:47:34.821Z" },
    { url = "https://files.pythonhosted.org/packages/b3/7a/829f7d9dfd37c207206081d6dad474d81dde29952401f07f2ba507814818/pyarrow-24.0.0-cp312-cp312-manylinux_2_28_x86_64.whl", hash = "sha256:6165461f55ef6314f026de6638d661188e3455d3ec49834556a0ebbdbace18bb", size = 48863122, upload-time = "2026-04-21T10:47:42.056Z" },
    { url = "https://files.pythonhosted.org/packages/5f/e8/f88ce625fe8babaae64e8db2d417c7653adb3019b08aae85c5ed787dc816/pyarrow-24.0.0-cp312-cp312-musllinux_1_2_aarch64.whl", hash = "sha256:3b13dedfe76a0ad2d1d859b0811b53827a4e9d93a0bcb05cf59333ab4980cc7e", size = 49376032, upload-time = "2026-04-21T10:47:48.967Z" },
    { url = "https://files.pythonhosted.org/packages/36/7a/82c363caa145fff88fb475da50d3bf52bb024f61917be5424c3392eaf878/pyarrow-24.0.0-cp312-cp312-musllinux_1_2_x86_64.whl", hash = "sha256:25ea65d868eb04015cd18e6df2fbe98f07e5bda2abefabcb88fce39a947716f6", size = 51929490, upload-time = "2026-04-21T10:47:55.981Z" },
    { url = "https://files.pythonhosted.org/packages/66/1c/e3e72c8014ad2743ca64a701652c733cc5cbcee15c0463a32a8c55518d9e/pyarrow-24.0.0-cp312-cp312-win_amd64.whl", hash = "sha256:295f0a7f2e242dabd513737cf076007dc5b2d59237e3eca37b05c0c6446f3826", size = 27355660, upload-time = "2026-04-21T10:48:01.718Z" },
    { url = "https://files.pythonhosted.org/packages/6f/d3/a1abf004482026ddc17f4503db227787fa3cfe41ec5091ff20e4fea55e57/pyarrow-24.0.0-cp313-cp313-macosx_12_0_arm64.whl", hash = "sha256:02b001b3ed4723caa44f6cd1af2d5c86aa2cf9971dacc2ffa55b21237713dfba", size = 34976759, upload-time = "2026-04-21T10:48:07.258Z" },
    { url = "https://files.pythonhosted.org/packages/4f/4a/34f0a36d28a2dd32225301b79daad44e243dc1a2bb77d43b60749be255c4/pyarrow-24.0.0-cp313-cp313-macosx_12_0_x86_64.whl", hash = "sha256:04920d6a71aabd08a0417709efce97d45ea8e6fb733d9ca9ecffb13c67839f68", size = 36658471, upload-time = "2026-04-21T10:48:13.347Z" },
    { url = "https://files.pythonhosted.org/packages/1f/78/543b94712ae8bb1a6023bcc1acf1a740fbff8286747c289cd9468fced2a5/pyarrow-24.0.0-cp313-cp313-manylinux_2_28_aarch64.whl", hash = "sha256:a964266397740257f16f7bb2e4f08a0c81454004beab8ff59dd531b73610e9f2", size = 45675981, upload-time = "2026-04-21T10:48:20.201Z" },
    { url = "https://files.pythonhosted.org/packages/84/9f/8fb7c222b100d314137fa40ec050de56cd8c6d957d1cfff685ce72f15b17/pyarrow-24.0.0-cp313-cp313-manylinux_2_28_x86_64.whl", hash = "sha256:6f066b179d68c413374294bc1735f68475457c933258df594443bb9d88ddc2a0", size = 48859172, upload-time = "2026-04-21T10:48:27.541Z" },
    { url = "https://files.pythonhosted.org/packages/a7/d3/1ea72538e6c8b3b475ed78d1049a2c518e655761ea50fe1171fc855fcab7/pyarrow-24.0.0-cp313-cp313-musllinux_1_2_aarch64.whl", hash = "sha256:1183baeb14c5f587b1ec52831e665718ce632caab84b7cd6b85fd44f96114495", size = 49385733, upload-time = "2026-04-21T10:48:34.7Z" },
    { url = "https://files.pythonhosted.org/packages/c3/be/c3d8b06a1ba35f2260f8e1f771abbee7d5e345c0937aab90675706b1690a/pyarrow-24.0.0-cp313-cp313-musllinux_1_2_x86_64.whl", hash = "sha256:806f24b4085453c197a5078218d1ee08783ebbba271badd153d1ae22a3ee804f", size = 51934335, upload-time = "2026-04-21T10:48:42.099Z" },
    { url = "https://files.pythonhosted.org/packages/9c/62/89e07a1e7329d2cde3e3c6994ba0839a24977a2beda8be6005ea3d860b99/pyarrow-24.0.0-cp313-cp313-win_amd64.whl", hash = "sha256:e4505fc6583f7b05ab854934896bcac8253b04ac1171a77dfb73efef92076d91", size = 27271748, upload-time = "2026-04-21T10:49:42.532Z" },
    { url = "https://files.pythonhosted.org/packages/17/1a/cff3a59f80b5b1658549d46611b67163f65e0664431c076ad728bf9d5af4/pyarrow-24.0.0-cp313-cp313t-macosx_12_0_arm64.whl", hash = "sha256:1a4e45017efbf115032e4475ee876d525e0e36c742214fbe405332480ecd6275", size = 35238554, upload-time = "2026-04-21T10:48:48.526Z" },
    { url = "https://files.pythonhosted.org/packages/a8/99/cce0f42a327bfef2c420fb6078a3eb834826e5d6697bf3009fe11d2ad051/pyarrow-24.0.0-cp313-cp313t-macosx_12_0_x86_64.whl", hash = "sha256:7986f1fa71cee060ad00758bcc79d3a93bab8559bf978fab9e53472a2e25a17b", size = 36782301, upload-time = "2026-04-21T10:48:55.181Z" },
    { url = "https://files.pythonhosted.org/packages/2a/66/8e560d5ff6793ca29aca213c53eec0dd482dd46cb93b2819e5aab52e4252/pyarrow-24.0.0-cp313-cp313t-manylinux_2_28_aarch64.whl", hash = "sha256:d3e0b61e8efb24ed38898e5cdc5fffa9124be480008d401a1f8071500494ae42", size = 45721929, upload-time = "2026-04-21T10:49:03.676Z" },
    { url = "https://files.pythonhosted.org/packages/27/0c/a26e25505d030716e078d9f16eb74973cbf0b33b672884e9f9da1c83b871/pyarrow-24.0.0-cp313-cp313t-manylinux_2_28_x86_64.whl", hash = "sha256:55a3bc1e3df3b5567b7d27ef551b2283f0c68a5e86f1cd56abc569da4f31335b", size = 48825365, upload-time = "2026-04-21T10:49:11.714Z" },
    { url = "https://files.pythonhosted.org/packages/5f/eb/771f9ecb0c65e73fe9dccdd1717901b9594f08c4515d000c7c62df573811/pyarrow-24.0.0-cp313-cp313t-musllinux_1_2_aarch64.whl", hash = "sha256:641f795b361874ac9da5294f8f443dfdbee355cf2bd9e3b8d97aaac2306b9b37", size = 49451819, upload-time = "2026-04-21T10:49:21.474Z" },
    { url = "https://files.pythonhosted.org/packages/48/da/61ae89a88732f5a785646f3ec6125dbb640fa98a540eb2b9889caa561403/pyarrow-24.0.0-cp313-cp313t-musllinux_1_2_x86_64.whl", hash = "sha256:8adc8e6ce5fccf5dc707046ae4914fd537def529709cc0d285d37a7f9cd442ca", size = 51909252, upload-time = "2026-04-21T10:49:31.164Z" },
    { url = "https://files.pythonhosted.org/packages/cb/1a/8dd5cafab7b66573fa91c03d06d213356ad4edd71813aa75e08ce2b3a844/pyarrow-24.0.0-cp313-cp313t-win_amd64.whl", hash = "sha256:9b18371ad2f44044b81a8d23bc2d8a9b6a6226dca775e8e16cfee640473d6c5d", size = 27388127, upload-time = "2026-04-21T10:49:37.334Z" },
    { url = "https://files.pythonhosted.org/packages/ad/80/d022a34ff05d2cbedd8ccf841fc1f532ecfa9eb5ed1711b56d0e0ea71fc9/pyarrow-24.0.0-cp314-cp314-macosx_12_0_arm64.whl", hash = "sha256:1cc9057f0319e26333b357e17f3c2c022f1a83739b48a88b25bfd5fa2dc18838", size = 35007997, upload-time = "2026-04-21T10:49:48.796Z" },
    { url = "https://files.pythonhosted.org/packages/1a/ff/f01485fda6f4e5d441afb8dd5e7681e4db18826c1e271852f5d3957d6a80/pyarrow-24.0.0-cp314-cp314-macosx_12_0_x86_64.whl", hash = "sha256:e6f1278ee4785b6db21229374a1c9e54ec7c549de5d1efc9630b6207de7e170b", size = 36678720, upload-time = "2026-04-21T10:49:55.858Z" },
    { url = "https://files.pythonhosted.org/packages/9e/c2/2d2d5fea814237923f71b36495211f20b43a1576f9a4d6da7e751a64ec6f/pyarrow-24.0.0-cp314-cp314-manylinux_2_28_aarch64.whl", hash = "sha256:adbbedc55506cbdabb830890444fb856bfb0060c46c6f8026c6c2f2cf86ae795", size = 45741852, upload-time = "2026-04-21T10:50:04.624Z" },
    { url = "https://files.pythonhosted.org/packages/8e/3a/28ba9c1c1ebdbb5f1b94dfebb46f207e52e6a554b7fe4132540fde29a3a0/pyarrow-24.0.0-cp314-cp314-manylinux_2_28_x86_64.whl", hash = "sha256:ae8a1145af31d903fa9bb166824d7abe9b4681a000b0159c9fb99c11bc11ad26", size = 48889852, upload-time = "2026-04-21T10:50:12.293Z" },
    { url = "https://files.pythonhosted.org/packages/df/51/4a389acfd31dca009f8fb82d7f510bb4130f2b3a8e18cf00194d0687d8ac/pyarrow-24.0.0-cp314-cp314-musllinux_1_2_aarch64.whl", hash = "sha256:d7027eba1df3b2069e2e8d80f644fa0918b68c46432af3d088ddd390d063ecde", size = 49445207, upload-time = "2026-04-21T10:50:20.677Z" },
    { url = "https://files.pythonhosted.org/packages/19/4b/0bab2b23d2ae901b1b9a03c0efd4b2d070256f8ce3fc43f6e58c167b2081/pyarrow-24.0.0-cp314-cp314-musllinux_1_2_x86_64.whl", hash = "sha256:e56a1ffe9bf7b727432b89104cc0849c21582949dd7bdcb34f17b2001a351a76", size = 51954117, upload-time = "2026-04-21T10:50:29.14Z" },
    { url = "https://files.pythonhosted.org/packages/29/88/f4e9145da0417b3d2c12035a8492b35ff4a3dbc653e614fcfb51d9dedb38/pyarrow-24.0.0-cp314-cp314-win_amd64.whl", hash = "sha256:38be1808cdd068605b787e6ca9119b27eb275a0234e50212c3492331680c3b1e", size = 28001155, upload-time = "2026-04-21T10:51:22.337Z" },
    { url = "https://files.pythonhosted.org/packages/79/4f/46a49a63f43526da895b1a45bbb51d5baf8e4d77159f8528fc3e5490007f/pyarrow-24.0.0-cp314-cp314t-macosx_12_0_arm64.whl", hash = "sha256:418e48ce50a45a6a6c73c454677203a9c75c966cb1e92ca3370959185f197a05", size = 35250387, upload-time = "2026-04-21T10:50:35.552Z" },
    { url = "https://files.pythonhosted.org/packages/a0/da/d5e0cd5ef00796922404806d5f00325cdadc3441ce2c13fe7115f2df9a64/pyarrow-24.0.0-cp314-cp314t-macosx_12_0_x86_64.whl", hash = "sha256:2f16197705a230a78270cdd4ea8a1d57e86b2fdcbc34a1f6aebc72e65c986f9a", size = 36797102, upload-time = "2026-04-21T10:50:42.417Z" },
    { url = "https://files.pythonhosted.org/packages/34/c7/5904145b0a593a05236c882933d439b5720f0a145381179063722fbfc123/pyarrow-24.0.0-cp314-cp314t-manylinux_2_28_aarch64.whl", hash = "sha256:fb24ac194bfc5e86839d7dcd52092ee31e5fe6733fe11f5e3b06ef0812b20072", size = 45745118, upload-time = "2026-04-21T10:50:49.324Z" },
    { url = "https://files.pythonhosted.org/packages/13/d3/cca42fe166d1c6e4d5b80e530b7949104d10e17508a90ae202dac205ce2a/pyarrow-24.0.0-cp314-cp314t-manylinux_2_28_x86_64.whl", hash = "sha256:9700ebd9a51f5895ce75ff4ac4b3c47a7d4b42bc618be8e713e5d56bacf5f931", size = 48844765, upload-time = "2026-04-21T10:50:55.579Z" },
    { url = "https://files.pythonhosted.org/packages/b0/49/942c3b79878ba928324d1e17c274ed84581db8c0a749b24bcf4cbdf15bd3/pyarrow-24.0.0-cp314-cp314t-musllinux_1_2_aarch64.whl", hash = "sha256:d8ddd2768da81d3ee08cfea9b597f4abb4e8e1dc8ae7e204b608d23a0d3ab699", size = 49471890, upload-time = "2026-04-21T10:51:02.439Z" },
    { url = "https://files.pythonhosted.org/packages/76/97/ff71431000a75d84135a1ace5ca4ba11726a231a8007bbb320a4c54075d5/pyarrow-24.0.0-cp314-cp314t-musllinux_1_2_x86_64.whl", hash = "sha256:61a3d7eaa97a14768b542f3d284dc6400dd2470d9f080708b13cd46b6ae18136", size = 51932250, upload-time = "2026-04-21T10:51:10.576Z" },
    { url = "https://files.pythonhosted.org/packages/51/be/6f79d55816d5c22557cf27533543d5d70dfe692adfbee4b99f2760674f38/pyarrow-24.0.0-cp314-cp314t-win_amd64.whl", hash = "sha256:c91d00057f23b8d353039520dc3a6c09d8608164c692e9f59a175a42b2ae0c19", size = 28131282, upload-time = "2026-04-21T10:51:16.815Z" },
]

[[package]]
name = "ruff"
version = "0.14.2"
source = { registry = "https://pypi.org/simple" }
sdist = { url = "https://files.pythonhosted.org/packages/ee/34/8218a19b2055b80601e8fd201ec723c74c7fe1ca06d525a43ed07b6d8e85/ruff-0.14.2.tar.gz", hash = "sha256:98da787668f239313d9c902ca7c523fe11b8ec3f39345553a51b25abc4629c96", size = 5539663, upload-time = "2025-10-23T19:37:00.956Z" }
wheels = [
    { url = "https://files.pythonhosted.org/packages/16/dd/23eb2db5ad9acae7c845700493b72d3ae214dce0b226f27df89216110f2b/ruff-0.14.2-py3-none-linux_armv6l.whl", hash = "sha256:7cbe4e593505bdec5884c2d0a4d791a90301bc23e49a6b1eb642dd85ef9c64f1", size = 12533390, upload-time = "2025-10-23T19:36:18.044Z" },
    { url = "https://files.pythonhosted.org/packages/5a/8c/5f9acff43ddcf3f85130d0146d0477e28ccecc495f9f684f8f7119b74c0d/ruff-0.14.2-py3-none-macosx_10_12_x86_64.whl", hash = "sha256:8d54b561729cee92f8d89c316ad7a3f9705533f5903b042399b6ae0ddfc62e11", size = 12887187, upload-time = "2025-10-23T19:36:22.664Z" },
    { url = "https://files.pythonhosted.org/packages/99/fa/047646491479074029665022e9f3dc6f0515797f40a4b6014ea8474c539d/ruff-0.14.2-py3-none-macosx_11_0_arm64.whl", hash = "sha256:5c8753dfa44ebb2cde10ce5b4d2ef55a41fb9d9b16732a2c5df64620dbda44a3", size = 11925177, upload-time = "2025-10-23T19:36:24.778Z" },
    { url = "https://files.pythonhosted.org/packages/15/8b/c44cf7fe6e59ab24a9d939493a11030b503bdc2a16622cede8b7b1df0114/ruff-0.14.2-py3-none-manylinux_2_17_aarch64.manylinux2014_aarch64.whl", hash = "sha256:3d0bbeffb8d9f4fccf7b5198d566d0bad99a9cb622f1fc3467af96cb8773c9e3", size = 12358285, upload-time = "2025-10-23T19:36:26.979Z" },
    { url = "https://files.pythonhosted.org/packages/45/01/47701b26254267ef40369aea3acb62a7b23e921c27372d127e0f3af48092/ruff-0.14.2-py3-none-manylinux_2_17_armv7l.manylinux2014_armv7l.whl", hash = "sha256:7047f0c5a713a401e43a88d36843d9c83a19c584e63d664474675620aaa634a8", size = 12303832, upload-time = "2025-10-23T19:36:29.192Z" },
    { url = "https://files.pythonhosted.org/packages/2d/5c/ae7244ca4fbdf2bee9d6405dcd5bc6ae51ee1df66eb7a9884b77b8af856d/ruff-0.14.2-py3-none-manylinux_2_17_i686.manylinux2014_i686.whl", hash = "sha256:3bf8d2f9aa1602599217d82e8e0af7fd33e5878c4d98f37906b7c93f46f9a839", size = 13036995, upload-time = "2025-10-23T19:36:31.861Z" },
    { url = "https://files.pythonhosted.org/packages/27/4c/0860a79ce6fd4c709ac01173f76f929d53f59748d0dcdd662519835dae43/ruff-0.14.2-py3-none-manylinux_2_17_ppc64.manylinux2014_ppc64.whl", hash = "sha256:1c505b389e19c57a317cf4b42db824e2fca96ffb3d86766c1c9f8b96d32048a7", size = 14512649, upload-time = "2025-10-23T19:36:33.915Z" },
    { url = "https://files.pythonhosted.org/packages/7f/7f/d365de998069720a3abfc250ddd876fc4b81a403a766c74ff9bde15b5378/ruff-0.14.2-py3-none-manylinux_2_17_ppc64le.manylinux2014_ppc64le.whl", hash = "sha256:a307fc45ebd887b3f26b36d9326bb70bf69b01561950cdcc6c0bdf7bb8e0f7cc", size = 14088182, upload-time = "2025-10-23T19:36:36.983Z" },
    { url = "https://files.pythonhosted.org/packages/6c/ea/d8e3e6b209162000a7be1faa41b0a0c16a133010311edc3329753cc6596a/ruff-0.14.2-py3-none-manylinux_2_17_s390x.manylinux2014_s390x.whl", hash = "sha256:61ae91a32c853172f832c2f40bd05fd69f491db7289fb85a9b941ebdd549781a", size = 13599516, upload-time = "2025-10-23T19:36:39.208Z" },
    { url = "https://files.pythonhosted.org/packages/fa/ea/c7810322086db68989fb20a8d5221dd3b79e49e396b01badca07b433ab45/ruff-0.14.2-py3-none-manylinux_2_17_x86_64.manylinux2014_x86_64.whl", hash = "sha256:bc1967e40286f63ee23c615e8e7e98098dedc7301568bd88991f6e544d8ae096", size = 13272690, upload-time = "2025-10-23T19:36:41.453Z" },
    { url = "https://files.pythonhosted.org/packages/a9/39/10b05acf8c45786ef501d454e00937e1b97964f846bf28883d1f9619928a/ruff-0.14.2-py3-none-manylinux_2_31_riscv64.whl", hash = "sha256:2877f02119cdebf52a632d743a2e302dea422bfae152ebe2f193d3285a3a65df", size = 13496497, upload-time = "2025-10-23T19:36:43.61Z" },
    { url = "https://files.pythonhosted.org/packages/59/a1/1f25f8301e13751c30895092485fada29076e5e14264bdacc37202e85d24/ruff-0.14.2-py3-none-musllinux_1_2_aarch64.whl", hash = "sha256:e681c5bc777de5af898decdcb6ba3321d0d466f4cb43c3e7cc2c3b4e7b843a05", size = 12266116, upload-time = "2025-10-23T19:36:45.625Z" },
    { url = "https://files.pythonhosted.org/packages/5c/fa/0029bfc9ce16ae78164e6923ef392e5f173b793b26cc39aa1d8b366cf9dc/ruff-0.14.2-py3-none-musllinux_1_2_armv7l.whl", hash = "sha256:e21be42d72e224736f0c992cdb9959a2fa53c7e943b97ef5d081e13170e3ffc5", size = 12281345, upload-time = "2025-10-23T19:36:47.618Z" },
    { url = "https://files.pythonhosted.org/packages/a5/ab/ece7baa3c0f29b7683be868c024f0838770c16607bea6852e46b202f1ff6/ruff-0.14.2-py3-none-musllinux_1_2_i686.whl", hash = "sha256:b8264016f6f209fac16262882dbebf3f8be1629777cf0f37e7aff071b3e9b92e", size = 12629296, upload-time = "2025-10-23T19:36:49.789Z" },
    { url = "https://files.pythonhosted.org/packages/a4/7f/638f54b43f3d4e48c6a68062794e5b367ddac778051806b9e235dfb7aa81/ruff-0.14.2-py3-none-musllinux_1_2_x86_64.whl", hash = "sha256:5ca36b4cb4db3067a3b24444463ceea5565ea78b95fe9a07ca7cb7fd16948770", size = 13371610, upload-time = "2025-10-23T19:36:51.882Z" },
    { url = "https://files.pythonhosted.org/packages/8d/35/3654a973ebe5b32e1fd4a08ed2d46755af7267da7ac710d97420d7b8657d/ruff-0.14.2-py3-none-win32.whl", hash = "sha256:41775927d287685e08f48d8eb3f765625ab0b7042cc9377e20e64f4eb0056ee9", size = 12415318, upload-time = "2025-10-23T19:36:53.961Z" },
    { url = "https://files.pythonhosted.org/packages/71/30/3758bcf9e0b6a4193a6f51abf84254aba00887dfa8c20aba18aa366c5f57/ruff-0.14.2-py3-none-win_amd64.whl", hash = "sha256:0df3424aa5c3c08b34ed8ce099df1021e3adaca6e90229273496b839e5a7e1af", size = 13565279, upload-time = "2025-10-23T19:36:56.578Z" },
    { url = "https://files.pythonhosted.org/packages/2e/5d/aa883766f8ef9ffbe6aa24f7192fb71632f31a30e77eb39aa2b0dc4290ac/ruff-0.14.2-py3-none-win_arm64.whl", hash = "sha256:ea9d635e83ba21569fbacda7e78afbfeb94911c9434aff06192d9bc23fd5495a", size = 12554956, upload-time = "2025-10-23T19:36:58.714Z" },
]

[[package]]
name = "sql-mandelbrot-benchmark"
version = "0.1.0"
source = { virtual = "." }
dependencies = [
    { name = "datafusion" },
]

[package.dev-dependencies]
dev = [
    { name = "ruff" },
]

[package.metadata]
requires-dist = [{ name = "datafusion", specifier = ">=50.1.0" }]

[package.metadata.requires-dev]
dev = [{ name = "ruff", specifier = ">=0.14.2" }]

[[package]]
name = "typing-extensions"
version = "4.15.0"
source = { registry = "https://pypi.org/simple" }
sdist = { url = "https://files.pythonhosted.org/packages/72/94/1a15dd82efb362ac84269196e94cf00f187f7ed21c242792a923cdb1c61f/typing_extensions-4.15.0.tar.gz", hash = "sha256:0cea48d173cc12fa28ecabc3b837ea3cf6f38c6d1136f85cbaaf598984861466", size = 109391, upload-time = "2025-08-25T13:49:26.313Z" }
wheels = [
    { url = "https://files.pythonhosted.org/packages/18/67/36e9267722cc04a6b9f15c7f3441c2363321a3ea07da7ae0c0707beb2a9c/typing_extensions-4.15.0-py3-none-any.whl", hash = "sha256:f0fa19c6845758ab08074a0cfa8b7aecb71c999ca73d62883bc25cc018c4e548", size = 44614, upload-time = "2025-08-25T13:49:24.86Z" },
]
